
Microsoft Visual Studio Solution File, Format Version 12.00
# Visual Studio Version 16
VisualStudioVersion = 16.0.31129.286
MinimumVisualStudioVersion = 10.0.40219.1
Project("{9A19103F-16F7-4668-BE54-9A1E7A4F7556}") = "API", "API\API.csproj", "{472205CB-5342-428B-B618-05C85A7281EF}"
EndProject
Project("{9A19103F-16F7-4668-BE54-9A1E7A4F7556}") = "DataLayer", "DataLayer\DataLayer.csproj", "{A73F6579-6075-4443-BAA5-B86E075BB278}"
EndProject
Project("{9A19103F-16F7-4668-BE54-9A1E7A4F7556}") = "API.Tests", "API.Tests\API.Tests.csproj", "{2D823C78-237B-4C78-8C53-DAF5E48033FD}"
EndProject
Project("{9A19103F-16F7-4668-BE54-9A1E7A4F7556}") = "DataLayer.Tests", "DataLayer.Tests\DataLayer.Tests.csproj", "{20CB685B-C3EF-4B30-A766-7A5A9BB993F0}"
EndProject
Project("{FAE04EC0-301F-11D3-BF4B-00C04F79EFBC}") = "DataModels", "DataModels\DataModels.csproj", "{8164066F-BDD0-4838-A156-D5CA589ECA16}"
EndProject
Global
	GlobalSection(SolutionConfigurationPlatforms) = preSolution
		Debug|Any CPU = Debug|Any CPU
		Release|Any CPU = Release|Any CPU
	EndGlobalSection
	GlobalSection(ProjectConfigurationPlatforms) = postSolution
		{472205CB-5342-428B-B618-05C85A7281EF}.Debug|Any CPU.ActiveCfg = Debug|Any CPU
		{472205CB-5342-428B-B618-05C85A7281EF}.Debug|Any CPU.Build.0 = Debug|Any CPU
		{472205CB-5342-428B-B618-05C85A7281EF}.Release|Any CPU.ActiveCfg = Release|Any CPU
		{472205CB-5342-428B-B618-05C85A7281EF}.Release|Any CPU.Build.0 = Release|Any CPU
		{A73F6579-6075-4443-BAA5-B86E075BB278}.Debug|Any CPU.ActiveCfg = Debug|Any CPU
		{A73F6579-6075-4443-BAA5-B86E075BB278}.Debug|Any CPU.Build.0 = Debug|Any CPU
		{A73F6579-6075-4443-BAA5-B86E075BB278}.Release|Any CPU.ActiveCfg = Release|Any CPU
		{A73F6579-6075-4443-BAA5-B86E075BB278}.Release|Any CPU.Build.0 = Release|Any CPU
		{2D823C78-237B-4C78-8C53-DAF5E48033FD}.Debug|Any CPU.ActiveCfg = Debug|Any CPU
		{2D823C78-237B-4C78-8C53-DAF5E48033FD}.Debug|Any CPU.Build.0 = Debug|Any CPU
		{2D823C78-237B-4C78-8C53-DAF5E48033FD}.Release|Any CPU.ActiveCfg = Release|Any CPU
		{2D823C78-237B-4C78-8C53-DAF5E48033FD}.Release|Any CPU.Build.0 = Release|Any CPU
		{20CB685B-C3EF-4B30-A766-7A5A9BB993F0}.Debug|Any CPU.ActiveCfg = Debug|Any CPU
		{20CB685B-C3EF-4B30-A766-7A5A9BB993F0}.Debug|Any CPU.Build.0 = Debug|Any CPU
		{20CB685B-C3EF-4B30-A766-7A5A9BB993F0}.Release|Any CPU.ActiveCfg = Release|Any CPU
		{20CB685B-C3EF-4B30-A766-7A5A9BB993F0}.Release|Any CPU.Build.0 = Release|Any CPU
		{8164066F-BDD0-4838-A156-D5CA589ECA16}.Debug|Any CPU.ActiveCfg = Debug|Any CPU
		{8164066F-BDD0-4838-A156-D5CA589ECA16}.Debug|Any CPU.Build.0 = Debug|Any CPU
		{8164066F-BDD0-4838-A156-D5CA589ECA16}.Release|Any CPU.ActiveCfg = Release|Any CPU
		{8164066F-BDD0-4838-A156-D5CA589ECA16}.Release|Any CPU.Build.0 = Release|Any CPU
	EndGlobalSection
	GlobalSection(SolutionProperties) = preSolution
		HideSolutionNode = FALSE
	EndGlobalSection
	GlobalSection(ExtensibilityGlobals) = postSolution
		SolutionGuid = {4839A478-1E95-4F04-8C67-EDFD69DB25CC}
	EndGlobalSection
EndGlobal
